
Microsoft Visual Studio Solution File, Format Version 12.00
# Visual Studio Version 17
VisualStudioVersion = 17.14.36811.4 d17.14
MinimumVisualStudioVersion = 10.0.40219.1
Project("{FAE04EC0-301F-11D3-BF4B-00C04F79EFBC}") = "DiplomWork_Ivan_2026", "DiplomWork_Ivan_2026\DiplomWork_Ivan_2026.csproj", "{B1901F39-FFC4-46D4-A06A-D44AB1989D33}"
EndProject
Global
	GlobalSection(SolutionConfigurationPlatforms) = preSolution
		Debug|Any CPU = Debug|Any CPU
		Release|Any CPU = Release|Any CPU
	EndGlobalSection
	GlobalSection(ProjectConfigurationPlatforms) = postSolution
		{B1901F39-FFC4-46D4-A06A-D44AB1989D33}.Debug|Any CPU.ActiveCfg = Debug|Any CPU
		{B1901F39-FFC4-46D4-A06A-D44AB1989D33}.Debug|Any CPU.Build.0 = Debug|Any CPU
		{B1901F39-FFC4-46D4-A06A-D44AB1989D33}.Release|Any CPU.ActiveCfg = Release|Any CPU
		{B1901F39-FFC4-46D4-A06A-D44AB1989D33}.Release|Any CPU.Build.0 = Release|Any CPU
	EndGlobalSection
	GlobalSection(SolutionProperties) = preSolution
		HideSolutionNode = FALSE
	EndGlobalSection
	GlobalSection(ExtensibilityGlobals) = postSolution
		SolutionGuid = {512F0781-DBCC-4FB3-8326-9FEBA6F3D5EC}
	EndGlobalSection
EndGlobal
